
Microsoft Visual Studio Solution File, Format Version 12.00
# Visual Studio Version 17
VisualStudioVersion = 17.0.32112.339
MinimumVisualStudioVersion = 10.0.40219.1
Project("{FAE04EC0-301F-11D3-BF4B-00C04F79EFBC}") = "GameDesignTests", "GameDesignTests\GameDesignTests.csproj", "{F9341ADF-7B96-4B2A-B7B9-A176C999A5C6}"
EndProject
Project("{FAE04EC0-301F-11D3-BF4B-00C04F79EFBC}") = "AnotherMenu", "AnotherMenu\AnotherMenu.csproj", "{C311F894-4350-4EDD-AF7A-2128BF5F78E5}"
EndProject
Global
	GlobalSection(SolutionConfigurationPlatforms) = preSolution
		Debug|Any CPU = Debug|Any CPU
		Release|Any CPU = Release|Any CPU
	EndGlobalSection
	GlobalSection(ProjectConfigurationPlatforms) = postSolution
		{F9341ADF-7B96-4B2A-B7B9-A176C999A5C6}.Debug|Any CPU.ActiveCfg = Debug|Any CPU
		{F9341ADF-7B96-4B2A-B7B9-A176C999A5C6}.Debug|Any CPU.Build.0 = Debug|Any CPU
		{F9341ADF-7B96-4B2A-B7B9-A176C999A5C6}.Release|Any CPU.ActiveCfg = Release|Any CPU
		{F9341ADF-7B96-4B2A-B7B9-A176C999A5C6}.Release|Any CPU.Build.0 = Release|Any CPU
		{C311F894-4350-4EDD-AF7A-2128BF5F78E5}.Debug|Any CPU.ActiveCfg = Debug|Any CPU
		{C311F894-4350-4EDD-AF7A-2128BF5F78E5}.Debug|Any CPU.Build.0 = Debug|Any CPU
		{C311F894-4350-4EDD-AF7A-2128BF5F78E5}.Release|Any CPU.ActiveCfg = Release|Any CPU
		{C311F894-4350-4EDD-AF7A-2128BF5F78E5}.Release|Any CPU.Build.0 = Release|Any CPU
	EndGlobalSection
	GlobalSection(SolutionProperties) = preSolution
		HideSolutionNode = FALSE
	EndGlobalSection
	GlobalSection(ExtensibilityGlobals) = postSolution
		SolutionGuid = {1C77E5DA-658E-41F6-AD39-44EFA64F92F7}
	EndGlobalSection
EndGlobal
